Microsoft Visual Studio Solution File, Format Version 12.00
# Visual Studio Version 17
VisualStudioVersion = 17.0.31903.59
MinimumVisualStudioVersion = 10.0.40219.1
Project("{FAE04EC0-301F-11D3-BF4B-00C04F79EFBC}") = "KeyboardStudio.Core", "src\KeyboardStudio.Core\KeyboardStudio.Core.csproj", "{A1F9C9D1-2D6A-4C20-A3DE-112EAC2D9B31}"
EndProject
Project("{FAE04EC0-301F-11D3-BF4B-00C04F79EFBC}") = "KeyboardStudio.Persistence", "src\KeyboardStudio.Persistence\KeyboardStudio.Persistence.csproj", "{4F5E0C5B-67CB-47D3-B703-3BC077E6D4D1}"
EndProject
Project("{FAE04EC0-301F-11D3-BF4B-00C04F79EFBC}") = "KeyboardStudio.Build", "src\KeyboardStudio.Build\KeyboardStudio.Build.csproj", "{CD2F781A-0DDA-49B0-AB27-3F659B93031C}"
EndProject
Project("{FAE04EC0-301F-11D3-BF4B-00C04F79EFBC}") = "KeyboardStudio.Windows", "src\KeyboardStudio.Windows\KeyboardStudio.Windows.csproj", "{9C16B274-5AA7-4B1C-8647-4F7B46A2FC83}"
EndProject
Project("{FAE04EC0-301F-11D3-BF4B-00C04F79EFBC}") = "KeyboardStudio.App", "src\KeyboardStudio.App\KeyboardStudio.App.csproj", "{63D44934-CA6F-477A-A030-343837376996}"
EndProject
Project("{FAE04EC0-301F-11D3-BF4B-00C04F79EFBC}") = "KeyboardStudio.Core.Tests", "tests\KeyboardStudio.Core.Tests\KeyboardStudio.Core.Tests.csproj", "{0D0A3E7F-CA16-4F9D-AB2C-7E877B56F66A}"
EndProject
Project("{FAE04EC0-301F-11D3-BF4B-00C04F79EFBC}") = "KeyboardStudio.Windows.Tests", "tests\KeyboardStudio.Windows.Tests\KeyboardStudio.Windows.Tests.csproj", "{B67B33C3-3CF4-48F0-B90F-88DE832230EE}"
EndProject
Global
	GlobalSection(SolutionConfigurationPlatforms) = preSolution
		Debug|Any CPU = Debug|Any CPU
		Release|Any CPU = Release|Any CPU
	EndGlobalSection
	GlobalSection(ProjectConfigurationPlatforms) = postSolution
		{A1F9C9D1-2D6A-4C20-A3DE-112EAC2D9B31}.Debug|Any CPU.ActiveCfg = Debug|Any CPU
		{A1F9C9D1-2D6A-4C20-A3DE-112EAC2D9B31}.Debug|Any CPU.Build.0 = Debug|Any CPU
		{A1F9C9D1-2D6A-4C20-A3DE-112EAC2D9B31}.Release|Any CPU.ActiveCfg = Release|Any CPU
		{A1F9C9D1-2D6A-4C20-A3DE-112EAC2D9B31}.Release|Any CPU.Build.0 = Release|Any CPU
		{4F5E0C5B-67CB-47D3-B703-3BC077E6D4D1}.Debug|Any CPU.ActiveCfg = Debug|Any CPU
		{4F5E0C5B-67CB-47D3-B703-3BC077E6D4D1}.Debug|Any CPU.Build.0 = Debug|Any CPU
		{4F5E0C5B-67CB-47D3-B703-3BC077E6D4D1}.Release|Any CPU.ActiveCfg = Release|Any CPU
		{4F5E0C5B-67CB-47D3-B703-3BC077E6D4D1}.Release|Any CPU.Build.0 = Release|Any CPU
		{CD2F781A-0DDA-49B0-AB27-3F659B93031C}.Debug|Any CPU.ActiveCfg = Debug|Any CPU
		{CD2F781A-0DDA-49B0-AB27-3F659B93031C}.Debug|Any CPU.Build.0 = Debug|Any CPU
		{CD2F781A-0DDA-49B0-AB27-3F659B93031C}.Release|Any CPU.ActiveCfg = Release|Any CPU
		{CD2F781A-0DDA-49B0-AB27-3F659B93031C}.Release|Any CPU.Build.0 = Release|Any CPU
		{9C16B274-5AA7-4B1C-8647-4F7B46A2FC83}.Debug|Any CPU.ActiveCfg = Debug|Any CPU
		{9C16B274-5AA7-4B1C-8647-4F7B46A2FC83}.Debug|Any CPU.Build.0 = Debug|Any CPU
		{9C16B274-5AA7-4B1C-8647-4F7B46A2FC83}.Release|Any CPU.ActiveCfg = Release|Any CPU
		{9C16B274-5AA7-4B1C-8647-4F7B46A2FC83}.Release|Any CPU.Build.0 = Release|Any CPU
		{63D44934-CA6F-477A-A030-343837376996}.Debug|Any CPU.ActiveCfg = Debug|Any CPU
		{63D44934-CA6F-477A-A030-343837376996}.Debug|Any CPU.Build.0 = Debug|Any CPU
		{63D44934-CA6F-477A-A030-343837376996}.Release|Any CPU.ActiveCfg = Release|Any CPU
		{63D44934-CA6F-477A-A030-343837376996}.Release|Any CPU.Build.0 = Release|Any CPU
		{0D0A3E7F-CA16-4F9D-AB2C-7E877B56F66A}.Debug|Any CPU.ActiveCfg = Debug|Any CPU
		{0D0A3E7F-CA16-4F9D-AB2C-7E877B56F66A}.Debug|Any CPU.Build.0 = Debug|Any CPU
		{0D0A3E7F-CA16-4F9D-AB2C-7E877B56F66A}.Release|Any CPU.ActiveCfg = Release|Any CPU
		{0D0A3E7F-CA16-4F9D-AB2C-7E877B56F66A}.Release|Any CPU.Build.0 = Release|Any CPU
		{B67B33C3-3CF4-48F0-B90F-88DE832230EE}.Debug|Any CPU.ActiveCfg = Debug|Any CPU
		{B67B33C3-3CF4-48F0-B90F-88DE832230EE}.Debug|Any CPU.Build.0 = Debug|Any CPU
		{B67B33C3-3CF4-48F0-B90F-88DE832230EE}.Release|Any CPU.ActiveCfg = Release|Any CPU
		{B67B33C3-3CF4-48F0-B90F-88DE832230EE}.Release|Any CPU.Build.0 = Release|Any CPU
	EndGlobalSection
EndGlobal
